dependencies:
- name: elasticsearch
  repository: https://raw.githubusercontent.com/bitnami/charts/archive-full-index/bitnami
  version: 19.0.1
- name: postgresql
  repository: https://raw.githubusercontent.com/bitnami/charts/archive-full-index/bitnami
  version: 11.9.13
- name: redis
  repository: https://raw.githubusercontent.com/bitnami/charts/archive-full-index/bitnami
  version: 16.13.2
- name: common
  repository: https://raw.githubusercontent.com/bitnami/charts/archive-full-index/bitnami
  version: 2.8.0
digest: sha256:9e713063243a189b4f8f97e95a34c8107cba3147bee4399432ba9674d8f74dcd
generated: "2024-07-22T09:16:06.89281891Z"
